{
    "name": "tds-replay",
    "version": "0.0.1",
    "lockfileVersion": 1,
    "requires": true,
    "dependencies": {
        "@totvs/tds-da": {
            "version": "1.0.17",
            "resolved": "https://registry.npmjs.org/@totvs/tds-da/-/tds-da-1.0.17.tgz",
            "integrity": "sha512-lfqA6hoe2dgBsXp12j+mxfgFyaxOQwHptZzS/HIE0Jn4Rnt7IzuoJxIqChYUFXciOqoDvy2E9mXK40yWmDjbaQ=="
        },
        "vscode-nls": {
            "version": "4.1.1",
            "resolved": "https://registry.npmjs.org/vscode-nls/-/vscode-nls-4.1.1.tgz",
            "integrity": "sha512-4R+2UoUUU/LdnMnFjePxfLqNhBS8lrAFyX7pjb2ud/lqDkrUavFUTcG7wR0HBZFakae0Q6KLBFjMS6W93F403A=="
        }
    }
}
